
Microsoft Visual Studio Solution File, Format Version 12.00
# Visual Studio Version 16
VisualStudioVersion = 16.0.30011.22
MinimumVisualStudioVersion = 10.0.40219.1
Project("{FAE04EC0-301F-11D3-BF4B-00C04F79EFBC}") = "activityTracker", "activityTracker\activityTracker.csproj", "{73C89E39-69BD-475C-A057-C8ACB1015085}"
EndProject
Global
	GlobalSection(SolutionConfigurationPlatforms) = preSolution
		Debug|Any CPU = Debug|Any CPU
		Release|Any CPU = Release|Any CPU
	EndGlobalSection
	GlobalSection(ProjectConfigurationPlatforms) = postSolution
		{73C89E39-69BD-475C-A057-C8ACB1015085}.Debug|Any CPU.ActiveCfg = Debug|Any CPU
		{73C89E39-69BD-475C-A057-C8ACB1015085}.Debug|Any CPU.Build.0 = Debug|Any CPU
		{73C89E39-69BD-475C-A057-C8ACB1015085}.Release|Any CPU.ActiveCfg = Release|Any CPU
		{73C89E39-69BD-475C-A057-C8ACB1015085}.Release|Any CPU.Build.0 = Release|Any CPU
	EndGlobalSection
	GlobalSection(SolutionProperties) = preSolution
		HideSolutionNode = FALSE
	EndGlobalSection
	GlobalSection(ExtensibilityGlobals) = postSolution
		SolutionGuid = {81487DA3-E32D-412B-97B3-83A68D147D63}
	EndGlobalSection
EndGlobal
